
Microsoft Visual Studio Solution File, Format Version 12.00
# Visual Studio Version 16
VisualStudioVersion = 16.0.30204.135
MinimumVisualStudioVersion = 10.0.40219.1
Project("{FAE04EC0-301F-11D3-BF4B-00C04F79EFBC}") = "sample_6_3", "sample_6_3\sample_6_3.csproj", "{270505A8-B8C7-42F9-974B-7003D26E4D2E}"
EndProject
Global
	GlobalSection(SolutionConfigurationPlatforms) = preSolution
		Debug|Any CPU = Debug|Any CPU
		Release|Any CPU = Release|Any CPU
	EndGlobalSection
	GlobalSection(ProjectConfigurationPlatforms) = postSolution
		{270505A8-B8C7-42F9-974B-7003D26E4D2E}.Debug|Any CPU.ActiveCfg = Debug|Any CPU
		{270505A8-B8C7-42F9-974B-7003D26E4D2E}.Debug|Any CPU.Build.0 = Debug|Any CPU
		{270505A8-B8C7-42F9-974B-7003D26E4D2E}.Release|Any CPU.ActiveCfg = Release|Any CPU
		{270505A8-B8C7-42F9-974B-7003D26E4D2E}.Release|Any CPU.Build.0 = Release|Any CPU
	EndGlobalSection
	GlobalSection(SolutionProperties) = preSolution
		HideSolutionNode = FALSE
	EndGlobalSection
	GlobalSection(ExtensibilityGlobals) = postSolution
		SolutionGuid = {FC6AFD21-13CC-4B2B-B2F6-4041588C83B4}
	EndGlobalSection
EndGlobal
